
Microsoft Visual Studio Solution File, Format Version 12.00
# Visual Studio Version 16
VisualStudioVersion = 16.0.30621.155
MinimumVisualStudioVersion = 10.0.40219.1
Project("{FAE04EC0-301F-11D3-BF4B-00C04F79EFBC}") = "SciChartGettingStarted", "SciChartGettingStarted.csproj", "{CC8A9FC1-C977-4EC2-8323-C52DEBFEAD9A}"
EndProject
Global
	GlobalSection(SolutionConfigurationPlatforms) = preSolution
		Debug|Any CPU = Debug|Any CPU
		Release|Any CPU = Release|Any CPU
	EndGlobalSection
	GlobalSection(ProjectConfigurationPlatforms) = postSolution
		{CC8A9FC1-C977-4EC2-8323-C52DEBFEAD9A}.Debug|Any CPU.ActiveCfg = Debug|Any CPU
		{CC8A9FC1-C977-4EC2-8323-C52DEBFEAD9A}.Debug|Any CPU.Build.0 = Debug|Any CPU
		{CC8A9FC1-C977-4EC2-8323-C52DEBFEAD9A}.Release|Any CPU.ActiveCfg = Release|Any CPU
		{CC8A9FC1-C977-4EC2-8323-C52DEBFEAD9A}.Release|Any CPU.Build.0 = Release|Any CPU
	EndGlobalSection
	GlobalSection(SolutionProperties) = preSolution
		HideSolutionNode = FALSE
	EndGlobalSection
	GlobalSection(ExtensibilityGlobals) = postSolution
		SolutionGuid = {BFDAF79A-7531-4B40-9A51-827B79153D62}
	EndGlobalSection
EndGlobal
